
Microsoft Visual Studio Solution File, Format Version 12.00
# Visual Studio Version 17
VisualStudioVersion = 17.4.33213.308
MinimumVisualStudioVersion = 10.0.40219.1
Project("{8BC9CEB8-8B4A-11D0-8D11-00A0C91BC942}") = "Problem 11, Check Matrices Equality", "Problem 11, Check Matrices Equality\Problem 11, Check Matrices Equality.vcxproj", "{FB24B6C1-09EF-4E8F-8C5B-E6254C2587F6}"
EndProject
Global
	GlobalSection(SolutionConfigurationPlatforms) = preSolution
		Debug|x64 = Debug|x64
		Debug|x86 = Debug|x86
		Release|x64 = Release|x64
		Release|x86 = Release|x86
	EndGlobalSection
	GlobalSection(ProjectConfigurationPlatforms) = postSolution
		{FB24B6C1-09EF-4E8F-8C5B-E6254C2587F6}.Debug|x64.ActiveCfg = Debug|x64
		{FB24B6C1-09EF-4E8F-8C5B-E6254C2587F6}.Debug|x64.Build.0 = Debug|x64
		{FB24B6C1-09EF-4E8F-8C5B-E6254C2587F6}.Debug|x86.ActiveCfg = Debug|Win32
		{FB24B6C1-09EF-4E8F-8C5B-E6254C2587F6}.Debug|x86.Build.0 = Debug|Win32
		{FB24B6C1-09EF-4E8F-8C5B-E6254C2587F6}.Release|x64.ActiveCfg = Release|x64
		{FB24B6C1-09EF-4E8F-8C5B-E6254C2587F6}.Release|x64.Build.0 = Release|x64
		{FB24B6C1-09EF-4E8F-8C5B-E6254C2587F6}.Release|x86.ActiveCfg = Release|Win32
		{FB24B6C1-09EF-4E8F-8C5B-E6254C2587F6}.Release|x86.Build.0 = Release|Win32
	EndGlobalSection
	GlobalSection(SolutionProperties) = preSolution
		HideSolutionNode = FALSE
	EndGlobalSection
	GlobalSection(ExtensibilityGlobals) = postSolution
		SolutionGuid = {8DFA06FC-D2E2-4614-8350-F1A02E9837B7}
	EndGlobalSection
EndGlobal
